
Microsoft Visual Studio Solution File, Format Version 12.00
# Visual Studio 14
VisualStudioVersion = 14.0.23107.0
MinimumVisualStudioVersion = 10.0.40219.1
Project("{CC5FD16D-436D-48AD-A40C-5A424C6E3E79}") = "MainService", "MainService\MainService.ccproj", "{3AD35A15-3C20-426E-86F4-2D99897A5067}"
EndProject
Project("{FAE04EC0-301F-11D3-BF4B-00C04F79EFBC}") = "WCFServiceWebRole1", "WCFServiceWebRole1\WCFServiceWebRole1.csproj", "{291259FD-949F-4D7C-9605-4858FE69E71C}"
EndProject
Project("{FAE04EC0-301F-11D3-BF4B-00C04F79EFBC}") = "TestConsole", "..\LunchMoneyServiceApp\TestConsole\TestConsole.csproj", "{A6536718-D7CF-4C16-B1F5-76BC860DC9AA}"
EndProject
Project("{FAE04EC0-301F-11D3-BF4B-00C04F79EFBC}") = "ClientMVC", "..\LunchMoneyServiceApp\ClientMVC\ClientMVC.csproj", "{695E35AD-ABD4-417E-9E39-015213E52A97}"
EndProject
Global
	GlobalSection(SolutionConfigurationPlatforms) = preSolution
		Debug|Any CPU = Debug|Any CPU
		Release|Any CPU = Release|Any CPU
	EndGlobalSection
	GlobalSection(ProjectConfigurationPlatforms) = postSolution
		{3AD35A15-3C20-426E-86F4-2D99897A5067}.Debug|Any CPU.ActiveCfg = Debug|Any CPU
		{3AD35A15-3C20-426E-86F4-2D99897A5067}.Debug|Any CPU.Build.0 = Debug|Any CPU
		{3AD35A15-3C20-426E-86F4-2D99897A5067}.Release|Any CPU.ActiveCfg = Release|Any CPU
		{3AD35A15-3C20-426E-86F4-2D99897A5067}.Release|Any CPU.Build.0 = Release|Any CPU
		{291259FD-949F-4D7C-9605-4858FE69E71C}.Debug|Any CPU.ActiveCfg = Debug|Any CPU
		{291259FD-949F-4D7C-9605-4858FE69E71C}.Debug|Any CPU.Build.0 = Debug|Any CPU
		{291259FD-949F-4D7C-9605-4858FE69E71C}.Release|Any CPU.ActiveCfg = Release|Any CPU
		{291259FD-949F-4D7C-9605-4858FE69E71C}.Release|Any CPU.Build.0 = Release|Any CPU
		{A6536718-D7CF-4C16-B1F5-76BC860DC9AA}.Debug|Any CPU.ActiveCfg = Debug|Any CPU
		{A6536718-D7CF-4C16-B1F5-76BC860DC9AA}.Debug|Any CPU.Build.0 = Debug|Any CPU
		{A6536718-D7CF-4C16-B1F5-76BC860DC9AA}.Release|Any CPU.ActiveCfg = Release|Any CPU
		{A6536718-D7CF-4C16-B1F5-76BC860DC9AA}.Release|Any CPU.Build.0 = Release|Any CPU
		{695E35AD-ABD4-417E-9E39-015213E52A97}.Debug|Any CPU.ActiveCfg = Debug|Any CPU
		{695E35AD-ABD4-417E-9E39-015213E52A97}.Debug|Any CPU.Build.0 = Debug|Any CPU
		{695E35AD-ABD4-417E-9E39-015213E52A97}.Release|Any CPU.ActiveCfg = Release|Any CPU
		{695E35AD-ABD4-417E-9E39-015213E52A97}.Release|Any CPU.Build.0 = Release|Any CPU
	EndGlobalSection
	GlobalSection(SolutionProperties) = preSolution
		HideSolutionNode = FALSE
	EndGlobalSection
EndGlobal
